
Microsoft Visual Studio Solution File, Format Version 12.00
# Visual Studio Version 16
VisualStudioVersion = 16.0.29009.5
MinimumVisualStudioVersion = 10.0.40219.1
Project("{9A19103F-16F7-4668-BE54-9A1E7A4F7556}") = "Recipies.Core", "Recipies.Core\Recipies.Core.csproj", "{44439170-F5AA-4DD6-B212-10448DE2A6EA}"
EndProject
Project("{FAE04EC0-301F-11D3-BF4B-00C04F79EFBC}") = "Recipies.Parse", "Recipies.Parse\Recipies.Parse.csproj", "{FDD84E56-C44A-4916-AA34-10BBFA0C77DB}"
EndProject
Global
	GlobalSection(SolutionConfigurationPlatforms) = preSolution
		Debug|Any CPU = Debug|Any CPU
		Release|Any CPU = Release|Any CPU
	EndGlobalSection
	GlobalSection(ProjectConfigurationPlatforms) = postSolution
		{44439170-F5AA-4DD6-B212-10448DE2A6EA}.Debug|Any CPU.ActiveCfg = Debug|Any CPU
		{44439170-F5AA-4DD6-B212-10448DE2A6EA}.Debug|Any CPU.Build.0 = Debug|Any CPU
		{44439170-F5AA-4DD6-B212-10448DE2A6EA}.Release|Any CPU.ActiveCfg = Release|Any CPU
		{44439170-F5AA-4DD6-B212-10448DE2A6EA}.Release|Any CPU.Build.0 = Release|Any CPU
		{FDD84E56-C44A-4916-AA34-10BBFA0C77DB}.Debug|Any CPU.ActiveCfg = Debug|Any CPU
		{FDD84E56-C44A-4916-AA34-10BBFA0C77DB}.Debug|Any CPU.Build.0 = Debug|Any CPU
		{FDD84E56-C44A-4916-AA34-10BBFA0C77DB}.Release|Any CPU.ActiveCfg = Release|Any CPU
		{FDD84E56-C44A-4916-AA34-10BBFA0C77DB}.Release|Any CPU.Build.0 = Release|Any CPU
	EndGlobalSection
	GlobalSection(SolutionProperties) = preSolution
		HideSolutionNode = FALSE
	EndGlobalSection
	GlobalSection(ExtensibilityGlobals) = postSolution
		SolutionGuid = {A801718F-46AA-453C-99D8-BB099CBFFD0C}
	EndGlobalSection
EndGlobal
